// !$*UTF8*$!
{
	archiveVersion = 1;
	classes = {
	};
	objectVersion = 56;
	objects = {

/* Begin PBXBuildFile section */
		A20000000000000000000001 /* ImpressionApp.swift in Sources */ = {isa = PBXBuildFile; fileRef = A10000000000000000000001 /* ImpressionApp.swift */; };
		A20000000000000000000002 /* ContentView.swift in Sources */ = {isa = PBXBuildFile; fileRef = A10000000000000000000002 /* ContentView.swift */; };
		A20000000000000000000004 /* Assets.xcassets in Resources */ = {isa = PBXBuildFile; fileRef = A10000000000000000000004 /* Assets.xcassets */; };
		A20000000000000000000005 /* ImpressionCharacter.swift in Sources */ = {isa = PBXBuildFile; fileRef = A10000000000000000000005 /* ImpressionCharacter.swift */; };
		A20000000000000000000006 /* UserProgress.swift in Sources */ = {isa = PBXBuildFile; fileRef = A10000000000000000000006 /* UserProgress.swift */; };
		A20000000000000000000007 /* HomeView.swift in Sources */ = {isa = PBXBuildFile; fileRef = A10000000000000000000007 /* HomeView.swift */; };
		A20000000000000000000008 /* PracticeRootView.swift in Sources */ = {isa = PBXBuildFile; fileRef = A10000000000000000000008 /* PracticeRootView.swift */; };
		A20000000000000000000009 /* TipsView.swift in Sources */ = {isa = PBXBuildFile; fileRef = A10000000000000000000009 /* TipsView.swift */; };
		A2000000000000000000000A /* ListenView.swift in Sources */ = {isa = PBXBuildFile; fileRef = A1000000000000000000000A /* ListenView.swift */; };
		A2000000000000000000000B /* RecordView.swift in Sources */ = {isa = PBXBuildFile; fileRef = A1000000000000000000000B /* RecordView.swift */; };
		A2000000000000000000000C /* ResultView.swift in Sources */ = {isa = PBXBuildFile; fileRef = A1000000000000000000000C /* ResultView.swift */; };
		A2000000000000000000000D /* ProfileView.swift in Sources */ = {isa = PBXBuildFile; fileRef = A1000000000000000000000D /* ProfileView.swift */; };
		A2000000000000000000000E /* CharacterCard.swift in Sources */ = {isa = PBXBuildFile; fileRef = A1000000000000000000000E /* CharacterCard.swift */; };
		A2000000000000000000000F /* StreakBanner.swift in Sources */ = {isa = PBXBuildFile; fileRef = A1000000000000000000000F /* StreakBanner.swift */; };
		A20000000000000000000010 /* WaveformView.swift in Sources */ = {isa = PBXBuildFile; fileRef = A10000000000000000000010 /* WaveformView.swift */; };
		A20000000000000000000011 /* PracticeViewModel.swift in Sources */ = {isa = PBXBuildFile; fileRef = A10000000000000000000011 /* PracticeViewModel.swift */; };
		A20000000000000000000012 /* AudioRecordingService.swift in Sources */ = {isa = PBXBuildFile; fileRef = A10000000000000000000012 /* AudioRecordingService.swift */; };
		A20000000000000000000013 /* VoiceAnalysisService.swift in Sources */ = {isa = PBXBuildFile; fileRef = A10000000000000000000013 /* VoiceAnalysisService.swift */; };
		A20000000000000000000014 /* ProgressService.swift in Sources */ = {isa = PBXBuildFile; fileRef = A10000000000000000000014 /* ProgressService.swift */; };
/* End PBXBuildFile section */

/* Begin PBXFileReference section */
		A10000000000000000000001 /* ImpressionApp.swift */ = {isa = PBXFileReference; lastKnownFileType = sourcecode.swift; path = ImpressionApp.swift; sourceTree = "<group>"; };
		A10000000000000000000002 /* ContentView.swift */ = {isa = PBXFileReference; lastKnownFileType = sourcecode.swift; path = ContentView.swift; sourceTree = "<group>"; };
		A10000000000000000000003 /* Info.plist */ = {isa = PBXFileReference; lastKnownFileType = text.plist.xml; path = Info.plist; sourceTree = "<group>"; };
		A10000000000000000000004 /* Assets.xcassets */ = {isa = PBXFileReference; lastKnownFileType = folder.assetcatalog; path = Assets.xcassets; sourceTree = "<group>"; };
		A10000000000000000000005 /* ImpressionCharacter.swift */ = {isa = PBXFileReference; lastKnownFileType = sourcecode.swift; path = ImpressionCharacter.swift; sourceTree = "<group>"; };
		A10000000000000000000006 /* UserProgress.swift */ = {isa = PBXFileReference; lastKnownFileType = sourcecode.swift; path = UserProgress.swift; sourceTree = "<group>"; };
		A10000000000000000000007 /* HomeView.swift */ = {isa = PBXFileReference; lastKnownFileType = sourcecode.swift; path = HomeView.swift; sourceTree = "<group>"; };
		A10000000000000000000008 /* PracticeRootView.swift */ = {isa = PBXFileReference; lastKnownFileType = sourcecode.swift; path = PracticeRootView.swift; sourceTree = "<group>"; };
		A10000000000000000000009 /* TipsView.swift */ = {isa = PBXFileReference; lastKnownFileType = sourcecode.swift; path = TipsView.swift; sourceTree = "<group>"; };
		A1000000000000000000000A /* ListenView.swift */ = {isa = PBXFileReference; lastKnownFileType = sourcecode.swift; path = ListenView.swift; sourceTree = "<group>"; };
		A1000000000000000000000B /* RecordView.swift */ = {isa = PBXFileReference; lastKnownFileType = sourcecode.swift; path = RecordView.swift; sourceTree = "<group>"; };
		A1000000000000000000000C /* ResultView.swift */ = {isa = PBXFileReference; lastKnownFileType = sourcecode.swift; path = ResultView.swift; sourceTree = "<group>"; };
		A1000000000000000000000D /* ProfileView.swift */ = {isa = PBXFileReference; lastKnownFileType = sourcecode.swift; path = ProfileView.swift; sourceTree = "<group>"; };
		A1000000000000000000000E /* CharacterCard.swift */ = {isa = PBXFileReference; lastKnownFileType = sourcecode.swift; path = CharacterCard.swift; sourceTree = "<group>"; };
		A1000000000000000000000F /* StreakBanner.swift */ = {isa = PBXFileReference; lastKnownFileType = sourcecode.swift; path = StreakBanner.swift; sourceTree = "<group>"; };
		A10000000000000000000010 /* WaveformView.swift */ = {isa = PBXFileReference; lastKnownFileType = sourcecode.swift; path = WaveformView.swift; sourceTree = "<group>"; };
		A10000000000000000000011 /* PracticeViewModel.swift */ = {isa = PBXFileReference; lastKnownFileType = sourcecode.swift; path = PracticeViewModel.swift; sourceTree = "<group>"; };
		A10000000000000000000012 /* AudioRecordingService.swift */ = {isa = PBXFileReference; lastKnownFileType = sourcecode.swift; path = AudioRecordingService.swift; sourceTree = "<group>"; };
		A10000000000000000000013 /* VoiceAnalysisService.swift */ = {isa = PBXFileReference; lastKnownFileType = sourcecode.swift; path = VoiceAnalysisService.swift; sourceTree = "<group>"; };
		A10000000000000000000014 /* ProgressService.swift */ = {isa = PBXFileReference; lastKnownFileType = sourcecode.swift; path = ProgressService.swift; sourceTree = "<group>"; };
		A10000000000000000000099 /* ImpressionApp.app */ = {isa = PBXFileReference; explicitFileType = wrapper.application; includeInIndex = 0; path = ImpressionApp.app; sourceTree = BUILT_PRODUCTS_DIR; };
/* End PBXFileReference section */

/* Begin PBXFrameworksBuildPhase section */
		A60000000000000000000002 /* Frameworks */ = {
			isa = PBXFrameworksBuildPhase;
			buildActionMask = 2147483647;
			files = (
			);
			runOnlyForDeploymentPostprocessing = 0;
		};
/* End PBXFrameworksBuildPhase section */

/* Begin PBXGroup section */
		A30000000000000000000000 /* ImpressionApp */ = {
			isa = PBXGroup;
			children = (
				A10000000000000000000001 /* ImpressionApp.swift */,
				A10000000000000000000002 /* ContentView.swift */,
				A10000000000000000000003 /* Info.plist */,
				A10000000000000000000004 /* Assets.xcassets */,
				A30000000000000000000002 /* Models */,
				A30000000000000000000003 /* Views */,
				A30000000000000000000005 /* ViewModels */,
				A30000000000000000000006 /* Services */,
			);
			path = ImpressionApp;
			sourceTree = "<group>";
		};
		A30000000000000000000001 /* Products */ = {
			isa = PBXGroup;
			children = (
				A10000000000000000000099 /* ImpressionApp.app */,
			);
			name = Products;
			sourceTree = "<group>";
		};
		A30000000000000000000002 /* Models */ = {
			isa = PBXGroup;
			children = (
				A10000000000000000000005 /* ImpressionCharacter.swift */,
				A10000000000000000000006 /* UserProgress.swift */,
			);
			path = Models;
			sourceTree = "<group>";
		};
		A30000000000000000000003 /* Views */ = {
			isa = PBXGroup;
			children = (
				A10000000000000000000007 /* HomeView.swift */,
				A10000000000000000000008 /* PracticeRootView.swift */,
				A10000000000000000000009 /* TipsView.swift */,
				A1000000000000000000000A /* ListenView.swift */,
				A1000000000000000000000B /* RecordView.swift */,
				A1000000000000000000000C /* ResultView.swift */,
				A1000000000000000000000D /* ProfileView.swift */,
				A30000000000000000000004 /* Components */,
			);
			path = Views;
			sourceTree = "<group>";
		};
		A30000000000000000000004 /* Components */ = {
			isa = PBXGroup;
			children = (
				A1000000000000000000000E /* CharacterCard.swift */,
				A1000000000000000000000F /* StreakBanner.swift */,
				A10000000000000000000010 /* WaveformView.swift */,
			);
			path = Components;
			sourceTree = "<group>";
		};
		A30000000000000000000005 /* ViewModels */ = {
			isa = PBXGroup;
			children = (
				A10000000000000000000011 /* PracticeViewModel.swift */,
			);
			path = ViewModels;
			sourceTree = "<group>";
		};
		A30000000000000000000006 /* Services */ = {
			isa = PBXGroup;
			children = (
				A10000000000000000000012 /* AudioRecordingService.swift */,
				A10000000000000000000013 /* VoiceAnalysisService.swift */,
				A10000000000000000000014 /* ProgressService.swift */,
			);
			path = Services;
			sourceTree = "<group>";
		};
		A3FFFFFFFFFFFFFFFFFFFFFE /* root */ = {
			isa = PBXGroup;
			children = (
				A30000000000000000000000 /* ImpressionApp */,
				A30000000000000000000001 /* Products */,
			);
			sourceTree = "<group>";
		};
/* End PBXGroup section */

/* Begin PBXNativeTarget section */
		A40000000000000000000001 /* ImpressionApp */ = {
			isa = PBXNativeTarget;
			buildConfigurationList = A80000000000000000000002 /* Build configuration list for PBXNativeTarget "ImpressionApp" */;
			buildPhases = (
				A60000000000000000000001 /* Sources */,
				A60000000000000000000002 /* Frameworks */,
				A60000000000000000000003 /* Resources */,
			);
			buildRules = (
			);
			dependencies = (
			);
			name = ImpressionApp;
			productName = ImpressionApp;
			productReference = A10000000000000000000099 /* ImpressionApp.app */;
			productType = "com.apple.product-type.application";
		};
/* End PBXNativeTarget section */

/* Begin PBXProject section */
		A50000000000000000000001 /* Project object */ = {
			isa = PBXProject;
			attributes = {
				BuildIndependentTargetsInParallel = 1;
				LastSwiftUpdateCheck = 1530;
				LastUpgradeCheck = 1530;
				TargetAttributes = {
					A40000000000000000000001 = {
						CreatedOnToolsVersion = 15.3;
					};
				};
			};
			buildConfigurationList = A80000000000000000000001 /* Build configuration list for PBXProject "ImpressionApp" */;
			compatibilityVersion = "Xcode 14.0";
			developmentRegion = en;
			hasScannedForEncodings = 0;
			knownRegions = (
				en,
				Base,
			);
			mainGroup = A3FFFFFFFFFFFFFFFFFFFFFE;
			productRefGroup = A30000000000000000000001 /* Products */;
			projectDirPath = "";
			projectRoot = "";
			targets = (
				A40000000000000000000001 /* ImpressionApp */,
			);
		};
/* End PBXProject section */

/* Begin PBXResourcesBuildPhase section */
		A60000000000000000000003 /* Resources */ = {
			isa = PBXResourcesBuildPhase;
			buildActionMask = 2147483647;
			files = (
				A20000000000000000000004 /* Assets.xcassets in Resources */,
			);
			runOnlyForDeploymentPostprocessing = 0;
		};
/* End PBXResourcesBuildPhase section */

/* Begin PBXSourcesBuildPhase section */
		A60000000000000000000001 /* Sources */ = {
			isa = PBXSourcesBuildPhase;
			buildActionMask = 2147483647;
			files = (
				A20000000000000000000001 /* ImpressionApp.swift in Sources */,
				A20000000000000000000002 /* ContentView.swift in Sources */,
				A20000000000000000000005 /* ImpressionCharacter.swift in Sources */,
				A20000000000000000000006 /* UserProgress.swift in Sources */,
				A20000000000000000000007 /* HomeView.swift in Sources */,
				A20000000000000000000008 /* PracticeRootView.swift in Sources */,
				A20000000000000000000009 /* TipsView.swift in Sources */,
				A2000000000000000000000A /* ListenView.swift in Sources */,
				A2000000000000000000000B /* RecordView.swift in Sources */,
				A2000000000000000000000C /* ResultView.swift in Sources */,
				A2000000000000000000000D /* ProfileView.swift in Sources */,
				A2000000000000000000000E /* CharacterCard.swift in Sources */,
				A2000000000000000000000F /* StreakBanner.swift in Sources */,
				A20000000000000000000010 /* WaveformView.swift in Sources */,
				A20000000000000000000011 /* PracticeViewModel.swift in Sources */,
				A20000000000000000000012 /* AudioRecordingService.swift in Sources */,
				A20000000000000000000013 /* VoiceAnalysisService.swift in Sources */,
				A20000000000000000000014 /* ProgressService.swift in Sources */,
			);
			runOnlyForDeploymentPostprocessing = 0;
		};
/* End PBXSourcesBuildPhase section */

/* Begin XCBuildConfiguration section */
		A70000000000000000000001 /* Debug */ = {
			isa = XCBuildConfiguration;
			buildSettings = {
				ALWAYS_SEARCH_USER_PATHS = NO;
				ASSETCATALOG_COMPILER_GENERATE_SWIFT_ASSET_SYMBOL_EXTENSIONS = YES;
				CLANG_ANALYZER_NONNULL = YES;
				CLANG_ANALYZER_NUMBER_OBJECT_CONVERSION = YES_AGGRESSIVE;
				CLANG_CXX_LANGUAGE_STANDARD = "gnu++20";
				CLANG_ENABLE_MODULES = YES;
				CLANG_ENABLE_OBJC_ARC = YES;
				CLANG_ENABLE_OBJC_WEAK = YES;
				CLANG_WARN_BLOCK_CAPTURE_AUTORELEASING = YES;
				CLANG_WARN_BOOL_CONVERSION = YES;
				CLANG_WARN_COMMA = YES;
				CLANG_WARN_CONSTANT_CONVERSION = YES;
				CLANG_WARN_DEPRECATED_OBJC_IMPLEMENTATIONS = YES;
				CLANG_WARN_DIRECT_OBJC_ISA_USAGE = YES_ERROR;
				CLANG_WARN_DOCUMENTATION_COMMENTS = YES;
				CLANG_WARN_EMPTY_BODY = YES;
				CLANG_WARN_ENUM_CONVERSION = YES;
				CLANG_WARN_INFINITE_RECURSION = YES;
				CLANG_WARN_INT_CONVERSION = YES;
				CLANG_WARN_NON_LITERAL_NULL_CONVERSION = YES;
				CLANG_WARN_OBJC_IMPLICIT_RETAIN_SELF = YES;
				CLANG_WARN_OBJC_LITERAL_CONVERSION = YES;
				CLANG_WARN_OBJC_ROOT_CLASS = YES_ERROR;
				CLANG_WARN_QUOTED_INCLUDE_IN_FRAMEWORK_HEADER = YES;
				CLANG_WARN_RANGE_LOOP_ANALYSIS = YES;
				CLANG_WARN_STRICT_PROTOTYPES = YES;
				CLANG_WARN_SUSPICIOUS_MOVE = YES;
				CLANG_WARN_UNGUARDED_AVAILABILITY = YES_AGGRESSIVE;
				CLANG_WARN_UNREACHABLE_CODE = YES;
				CLANG_WARN__DUPLICATE_METHOD_MATCH = YES;
				COPY_PHASE_STRIP = NO;
				DEBUG_INFORMATION_FORMAT = dwarf;
				ENABLE_STRICT_OBJC_MSGSEND = YES;
				ENABLE_TESTABILITY = YES;
				ENABLE_USER_SCRIPT_SANDBOXING = YES;
				GCC_C_LANGUAGE_STANDARD = gnu17;
				GCC_DYNAMIC_NO_PIC = NO;
				GCC_NO_COMMON_BLOCKS = YES;
				GCC_OPTIMIZATION_LEVEL = 0;
				GCC_PREPROCESSOR_DEFINITIONS = (
					"DEBUG=1",
					"$(inherited)",
				);
				GCC_WARN_64_TO_32_BIT_CONVERSION = YES;
				GCC_WARN_ABOUT_RETURN_TYPE = YES_ERROR;
				GCC_WARN_UNDECLARED_SELECTOR = YES;
				GCC_WARN_UNINITIALIZED_AUTOS = YES_AGGRESSIVE;
				GCC_WARN_UNUSED_FUNCTION = YES;
				GCC_WARN_UNUSED_VARIABLE = YES;
				IPHONEOS_DEPLOYMENT_TARGET = 17.0;
				MTL_ENABLE_DEBUG_INFO = INCLUDE_SOURCE;
				MTL_FAST_MATH = YES;
				ONLY_ACTIVE_ARCH = YES;
				SDKROOT = iphoneos;
				SWIFT_ACTIVE_COMPILATION_CONDITIONS = "DEBUG $(inherited)";
				SWIFT_OPTIMIZATION_LEVEL = "-Onone";
			};
			name = Debug;
		};
		A70000000000000000000002 /* Release */ = {
			isa = XCBuildConfiguration;
			buildSettings = {
				ALWAYS_SEARCH_USER_PATHS = NO;
				ASSETCATALOG_COMPILER_GENERATE_SWIFT_ASSET_SYMBOL_EXTENSIONS = YES;
				CLANG_ANALYZER_NONNULL = YES;
				CLANG_ANALYZER_NUMBER_OBJECT_CONVERSION = YES_AGGRESSIVE;
				CLANG_CXX_LANGUAGE_STANDARD = "gnu++20";
				CLANG_ENABLE_MODULES = YES;
				CLANG_ENABLE_OBJC_ARC = YES;
				CLANG_ENABLE_OBJC_WEAK = YES;
				CLANG_WARN_BLOCK_CAPTURE_AUTORELEASING = YES;
				CLANG_WARN_BOOL_CONVERSION = YES;
				CLANG_WARN_COMMA = YES;
				CLANG_WARN_CONSTANT_CONVERSION = YES;
				CLANG_WARN_DEPRECATED_OBJC_IMPLEMENTATIONS = YES;
				CLANG_WARN_DIRECT_OBJC_ISA_USAGE = YES_ERROR;
				CLANG_WARN_DOCUMENTATION_COMMENTS = YES;
				CLANG_WARN_EMPTY_BODY = YES;
				CLANG_WARN_ENUM_CONVERSION = YES;
				CLANG_WARN_INFINITE_RECURSION = YES;
				CLANG_WARN_INT_CONVERSION = YES;
				CLANG_WARN_NON_LITERAL_NULL_CONVERSION = YES;
				CLANG_WARN_OBJC_IMPLICIT_RETAIN_SELF = YES;
				CLANG_WARN_OBJC_LITERAL_CONVERSION = YES;
				CLANG_WARN_OBJC_ROOT_CLASS = YES_ERROR;
				CLANG_WARN_QUOTED_INCLUDE_IN_FRAMEWORK_HEADER = YES;
				CLANG_WARN_RANGE_LOOP_ANALYSIS = YES;
				CLANG_WARN_STRICT_PROTOTYPES = YES;
				CLANG_WARN_SUSPICIOUS_MOVE = YES;
				CLANG_WARN_UNGUARDED_AVAILABILITY = YES_AGGRESSIVE;
				CLANG_WARN_UNREACHABLE_CODE = YES;
				CLANG_WARN__DUPLICATE_METHOD_MATCH = YES;
				COPY_PHASE_STRIP = NO;
				DEBUG_INFORMATION_FORMAT = "dwarf-with-dsym";
				ENABLE_NS_ASSERTIONS = NO;
				ENABLE_STRICT_OBJC_MSGSEND = YES;
				ENABLE_USER_SCRIPT_SANDBOXING = YES;
				GCC_C_LANGUAGE_STANDARD = gnu17;
				GCC_NO_COMMON_BLOCKS = YES;
				GCC_WARN_64_TO_32_BIT_CONVERSION = YES;
				GCC_WARN_ABOUT_RETURN_TYPE = YES_ERROR;
				GCC_WARN_UNDECLARED_SELECTOR = YES;
				GCC_WARN_UNINITIALIZED_AUTOS = YES_AGGRESSIVE;
				GCC_WARN_UNUSED_FUNCTION = YES;
				GCC_WARN_UNUSED_VARIABLE = YES;
				IPHONEOS_DEPLOYMENT_TARGET = 17.0;
				MTL_FAST_MATH = YES;
				SDKROOT = iphoneos;
				SWIFT_COMPILATION_MODE = wholemodule;
				VALIDATE_PRODUCT = YES;
			};
			name = Release;
		};
		A70000000000000000000003 /* Debug */ = {
			isa = XCBuildConfiguration;
			buildSettings = {
				ASSETCATALOG_COMPILER_APPICON_NAME = AppIcon;
				ASSETCATALOG_COMPILER_GLOBAL_ACCENT_COLOR_NAME = AccentColor;
				CODE_SIGN_STYLE = Automatic;
				CURRENT_PROJECT_VERSION = 1;
				DEVELOPMENT_ASSET_PATHS = "";
				ENABLE_PREVIEWS = YES;
				GENERATE_INFOPLIST_FILE = NO;
				INFOPLIST_FILE = ImpressionApp/Info.plist;
				IPHONEOS_DEPLOYMENT_TARGET = 17.0;
				LD_RUNPATH_SEARCH_PATHS = (
					"$(inherited)",
					"@executable_path/Frameworks",
				);
				MARKETING_VERSION = 1.0;
				PRODUCT_BUNDLE_IDENTIFIER = com.impressionapp.ImpressionApp;
				PRODUCT_NAME = "$(TARGET_NAME)";
				SWIFT_EMIT_LOC_STRINGS = YES;
				SWIFT_VERSION = 5.0;
				TARGETED_DEVICE_FAMILY = 1;
			};
			name = Debug;
		};
		A70000000000000000000004 /* Release */ = {
			isa = XCBuildConfiguration;
			buildSettings = {
				ASSETCATALOG_COMPILER_APPICON_NAME = AppIcon;
				ASSETCATALOG_COMPILER_GLOBAL_ACCENT_COLOR_NAME = AccentColor;
				CODE_SIGN_STYLE = Automatic;
				CURRENT_PROJECT_VERSION = 1;
				DEVELOPMENT_ASSET_PATHS = "";
				ENABLE_PREVIEWS = YES;
				GENERATE_INFOPLIST_FILE = NO;
				INFOPLIST_FILE = ImpressionApp/Info.plist;
				IPHONEOS_DEPLOYMENT_TARGET = 17.0;
				LD_RUNPATH_SEARCH_PATHS = (
					"$(inherited)",
					"@executable_path/Frameworks",
				);
				MARKETING_VERSION = 1.0;
				PRODUCT_BUNDLE_IDENTIFIER = com.impressionapp.ImpressionApp;
				PRODUCT_NAME = "$(TARGET_NAME)";
				SWIFT_EMIT_LOC_STRINGS = YES;
				SWIFT_VERSION = 5.0;
				TARGETED_DEVICE_FAMILY = 1;
			};
			name = Release;
		};
/* End XCBuildConfiguration section */

/* Begin XCConfigurationList section */
		A80000000000000000000001 /* Build configuration list for PBXProject "ImpressionApp" */ = {
			isa = XCConfigurationList;
			buildConfigurations = (
				A70000000000000000000001 /* Debug */,
				A70000000000000000000002 /* Release */,
			);
			defaultConfigurationIsVisible = 0;
			defaultConfigurationName = Release;
		};
		A80000000000000000000002 /* Build configuration list for PBXNativeTarget "ImpressionApp" */ = {
			isa = XCConfigurationList;
			buildConfigurations = (
				A70000000000000000000003 /* Debug */,
				A70000000000000000000004 /* Release */,
			);
			defaultConfigurationIsVisible = 0;
			defaultConfigurationName = Release;
		};
/* End XCConfigurationList section */

	};
	rootObject = A50000000000000000000001 /* Project object */;
}
